
Microsoft Visual Studio Solution File, Format Version 12.00
# Visual Studio Version 16
VisualStudioVersion = 16.0.30309.148
MinimumVisualStudioVersion = 10.0.40219.1
Project("{9A19103F-16F7-4668-BE54-9A1E7A4F7556}") = "LINQ", "LINQ\LINQ.csproj", "{48689B40-D6EE-451A-B2B3-2EB9C259F39D}"
EndProject
Project("{9A19103F-16F7-4668-BE54-9A1E7A4F7556}") = "Lession1_Anonymoustype", "Lession1_Anonymoustype\Lession1_Anonymoustype.csproj", "{E07D5E67-A34B-4E38-AFDB-1669766FEF8A}"
EndProject
Project("{9A19103F-16F7-4668-BE54-9A1E7A4F7556}") = "Lession2_ImplycitlyType", "ImplycitlyType\Lession2_ImplycitlyType.csproj", "{E10EA614-F58C-43AF-94C2-2E61A8BBCB01}"
EndProject
Project("{FAE04EC0-301F-11D3-BF4B-00C04F79EFBC}") = "Lession3_ExentionMethod", "Lesson3_ExentionMethod\Lession3_ExentionMethod.csproj", "{5EB8E5D9-8406-42CA-9265-2D0313AAAE3F}"
EndProject
Global
	GlobalSection(SolutionConfigurationPlatforms) = preSolution
		Debug|Any CPU = Debug|Any CPU
		Release|Any CPU = Release|Any CPU
	EndGlobalSection
	GlobalSection(ProjectConfigurationPlatforms) = postSolution
		{48689B40-D6EE-451A-B2B3-2EB9C259F39D}.Debug|Any CPU.ActiveCfg = Debug|Any CPU
		{48689B40-D6EE-451A-B2B3-2EB9C259F39D}.Debug|Any CPU.Build.0 = Debug|Any CPU
		{48689B40-D6EE-451A-B2B3-2EB9C259F39D}.Release|Any CPU.ActiveCfg = Release|Any CPU
		{48689B40-D6EE-451A-B2B3-2EB9C259F39D}.Release|Any CPU.Build.0 = Release|Any CPU
		{E07D5E67-A34B-4E38-AFDB-1669766FEF8A}.Debug|Any CPU.ActiveCfg = Debug|Any CPU
		{E07D5E67-A34B-4E38-AFDB-1669766FEF8A}.Debug|Any CPU.Build.0 = Debug|Any CPU
		{E07D5E67-A34B-4E38-AFDB-1669766FEF8A}.Release|Any CPU.ActiveCfg = Release|Any CPU
		{E07D5E67-A34B-4E38-AFDB-1669766FEF8A}.Release|Any CPU.Build.0 = Release|Any CPU
		{E10EA614-F58C-43AF-94C2-2E61A8BBCB01}.Debug|Any CPU.ActiveCfg = Debug|Any CPU
		{E10EA614-F58C-43AF-94C2-2E61A8BBCB01}.Debug|Any CPU.Build.0 = Debug|Any CPU
		{E10EA614-F58C-43AF-94C2-2E61A8BBCB01}.Release|Any CPU.ActiveCfg = Release|Any CPU
		{E10EA614-F58C-43AF-94C2-2E61A8BBCB01}.Release|Any CPU.Build.0 = Release|Any CPU
		{5EB8E5D9-8406-42CA-9265-2D0313AAAE3F}.Debug|Any CPU.ActiveCfg = Debug|Any CPU
		{5EB8E5D9-8406-42CA-9265-2D0313AAAE3F}.Debug|Any CPU.Build.0 = Debug|Any CPU
		{5EB8E5D9-8406-42CA-9265-2D0313AAAE3F}.Release|Any CPU.ActiveCfg = Release|Any CPU
		{5EB8E5D9-8406-42CA-9265-2D0313AAAE3F}.Release|Any CPU.Build.0 = Release|Any CPU
	EndGlobalSection
	GlobalSection(SolutionProperties) = preSolution
		HideSolutionNode = FALSE
	EndGlobalSection
	GlobalSection(ExtensibilityGlobals) = postSolution
		SolutionGuid = {553B71B3-87CA-467E-A80E-0F1BA04CB74B}
	EndGlobalSection
EndGlobal
